// !$*UTF8*$!
{
	archiveVersion = 1;
	classes = {
	};
	objectVersion = 46;
	objects = {

/* Begin PBXBuildFile section */
		74EADA351C19914300BBBF20 /* main.m in Sources */ = {isa = PBXBuildFile; fileRef = 74EADA341C19914300BBBF20 /* main.m */; };
		74EADA381C19914300BBBF20 /* AppDelegate.m in Sources */ = {isa = PBXBuildFile; fileRef = 74EADA371C19914300BBBF20 /* AppDelegate.m */; };
		74EADA411C19914300BBBF20 /* LiveRenderXib.xcdatamodeld in Sources */ = {isa = PBXBuildFile; fileRef = 74EADA3F1C19914300BBBF20 /* LiveRenderXib.xcdatamodeld */; };
		74EADA431C19914300BBBF20 /* Assets.xcassets in Resources */ = {isa = PBXBuildFile; fileRef = 74EADA421C19914300BBBF20 /* Assets.xcassets */; };
		74EADA461C19914300BBBF20 /* LaunchScreen.storyboard in Resources */ = {isa = PBXBuildFile; fileRef = 74EADA441C19914300BBBF20 /* LaunchScreen.storyboard */; };
		74EADA4F1C1991BB00BBBF20 /* ViewController.m in Sources */ = {isa = PBXBuildFile; fileRef = 74EADA4E1C1991BB00BBBF20 /* ViewController.m */; };
		74EADA551C1991C900BBBF20 /* SZTextFieldXibView.m in Sources */ = {isa = PBXBuildFile; fileRef = 74EADA511C1991C900BBBF20 /* SZTextFieldXibView.m */; };
		74EADA561C1991C900BBBF20 /* SZTextFieldXibView.xib in Resources */ = {isa = PBXBuildFile; fileRef = 74EADA521C1991C900BBBF20 /* SZTextFieldXibView.xib */; };
		74EADA571C1991C900BBBF20 /* SZXibView.m in Sources */ = {isa = PBXBuildFile; fileRef = 74EADA541C1991C900BBBF20 /* SZXibView.m */; };
		74EADA641C19921400BBBF20 /* Main.storyboard in Resources */ = {isa = PBXBuildFile; fileRef = 74EADA621C19921400BBBF20 /* Main.storyboard */; };
/* End PBXBuildFile section */

/* Begin PBXFileReference section */
		74EADA301C19914300BBBF20 /* LiveRenderXib.app */ = {isa = PBXFileReference; explicitFileType = wrapper.application; includeInIndex = 0; path = LiveRenderXib.app; sourceTree = BUILT_PRODUCTS_DIR; };
		74EADA341C19914300BBBF20 /* main.m */ = {isa = PBXFileReference; lastKnownFileType = sourcecode.c.objc; path = main.m; sourceTree = "<group>"; };
		74EADA361C19914300BBBF20 /* AppDelegate.h */ = {isa = PBXFileReference; lastKnownFileType = sourcecode.c.h; path = AppDelegate.h; sourceTree = "<group>"; };
		74EADA371C19914300BBBF20 /* AppDelegate.m */ = {isa = PBXFileReference; lastKnownFileType = sourcecode.c.objc; path = AppDelegate.m; sourceTree = "<group>"; };
		74EADA401C19914300BBBF20 /* LiveRenderXib.xcdatamodel */ = {isa = PBXFileReference; lastKnownFileType = wrapper.xcdatamodel; path = LiveRenderXib.xcdatamodel; sourceTree = "<group>"; };
		74EADA421C19914300BBBF20 /* Assets.xcassets */ = {isa = PBXFileReference; lastKnownFileType = folder.assetcatalog; path = Assets.xcassets; sourceTree = "<group>"; };
		74EADA451C19914300BBBF20 /* Base */ = {isa = PBXFileReference; lastKnownFileType = file.storyboard; name = Base; path = Base.lproj/LaunchScreen.storyboard; sourceTree = "<group>"; };
		74EADA471C19914300BBBF20 /* Info.plist */ = {isa = PBXFileReference; lastKnownFileType = text.plist.xml; path = Info.plist; sourceTree = "<group>"; };
		74EADA4D1C1991BB00BBBF20 /* ViewController.h */ = {isa = PBXFileReference; fileEncoding = 4; lastKnownFileType = sourcecode.c.h; path = ViewController.h; sourceTree = "<group>"; };
		74EADA4E1C1991BB00BBBF20 /* ViewController.m */ = {isa = PBXFileReference; fileEncoding = 4; lastKnownFileType = sourcecode.c.objc; path = ViewController.m; sourceTree = "<group>"; };
		74EADA501C1991C900BBBF20 /* SZTextFieldXibView.h */ = {isa = PBXFileReference; fileEncoding = 4; lastKnownFileType = sourcecode.c.h; path = SZTextFieldXibView.h; sourceTree = "<group>"; };
		74EADA511C1991C900BBBF20 /* SZTextFieldXibView.m */ = {isa = PBXFileReference; fileEncoding = 4; lastKnownFileType = sourcecode.c.objc; path = SZTextFieldXibView.m; sourceTree = "<group>"; };
		74EADA521C1991C900BBBF20 /* SZTextFieldXibView.xib */ = {isa = PBXFileReference; fileEncoding = 4; lastKnownFileType = file.xib; path = SZTextFieldXibView.xib; sourceTree = "<group>"; };
		74EADA531C1991C900BBBF20 /* SZXibView.h */ = {isa = PBXFileReference; fileEncoding = 4; lastKnownFileType = sourcecode.c.h; path = SZXibView.h; sourceTree = "<group>"; };
		74EADA541C1991C900BBBF20 /* SZXibView.m */ = {isa = PBXFileReference; fileEncoding = 4; lastKnownFileType = sourcecode.c.objc; path = SZXibView.m; sourceTree = "<group>"; };
		74EADA631C19921400BBBF20 /* Base */ = {isa = PBXFileReference; lastKnownFileType = file.storyboard; name = Base; path = Base.lproj/Main.storyboard; sourceTree = "<group>"; };
/* End PBXFileReference section */

/* Begin PBXFrameworksBuildPhase section */
		74EADA2D1C19914300BBBF20 /* Frameworks */ = {
			isa = PBXFrameworksBuildPhase;
			buildActionMask = 2147483647;
			files = (
			);
			runOnlyForDeploymentPostprocessing = 0;
		};
/* End PBXFrameworksBuildPhase section */

/* Begin PBXGroup section */
		74EADA271C19914300BBBF20 = {
			isa = PBXGroup;
			children = (
				74EADA321C19914300BBBF20 /* LiveRenderXib */,
				74EADA311C19914300BBBF20 /* Products */,
			);
			sourceTree = "<group>";
		};
		74EADA311C19914300BBBF20 /* Products */ = {
			isa = PBXGroup;
			children = (
				74EADA301C19914300BBBF20 /* LiveRenderXib.app */,
			);
			name = Products;
			sourceTree = "<group>";
		};
		74EADA321C19914300BBBF20 /* LiveRenderXib */ = {
			isa = PBXGroup;
			children = (
				74EADA581C1991CC00BBBF20 /* XibView */,
				74EADA4D1C1991BB00BBBF20 /* ViewController.h */,
				74EADA4E1C1991BB00BBBF20 /* ViewController.m */,
				74EADA361C19914300BBBF20 /* AppDelegate.h */,
				74EADA371C19914300BBBF20 /* AppDelegate.m */,
				74EADA421C19914300BBBF20 /* Assets.xcassets */,
				74EADA621C19921400BBBF20 /* Main.storyboard */,
				74EADA441C19914300BBBF20 /* LaunchScreen.storyboard */,
				74EADA471C19914300BBBF20 /* Info.plist */,
				74EADA3F1C19914300BBBF20 /* LiveRenderXib.xcdatamodeld */,
				74EADA331C19914300BBBF20 /* Supporting Files */,
			);
			path = LiveRenderXib;
			sourceTree = "<group>";
		};
		74EADA331C19914300BBBF20 /* Supporting Files */ = {
			isa = PBXGroup;
			children = (
				74EADA341C19914300BBBF20 /* main.m */,
			);
			name = "Supporting Files";
			sourceTree = "<group>";
		};
		74EADA581C1991CC00BBBF20 /* XibView */ = {
			isa = PBXGroup;
			children = (
				74EADA501C1991C900BBBF20 /* SZTextFieldXibView.h */,
				74EADA511C1991C900BBBF20 /* SZTextFieldXibView.m */,
				74EADA521C1991C900BBBF20 /* SZTextFieldXibView.xib */,
				74EADA531C1991C900BBBF20 /* SZXibView.h */,
				74EADA541C1991C900BBBF20 /* SZXibView.m */,
			);
			name = XibView;
			sourceTree = "<group>";
		};
/* End PBXGroup section */

/* Begin PBXNativeTarget section */
		74EADA2F1C19914300BBBF20 /* LiveRenderXib */ = {
			isa = PBXNativeTarget;
			buildConfigurationList = 74EADA4A1C19914300BBBF20 /* Build configuration list for PBXNativeTarget "LiveRenderXib" */;
			buildPhases = (
				74EADA2C1C19914300BBBF20 /* Sources */,
				74EADA2D1C19914300BBBF20 /* Frameworks */,
				74EADA2E1C19914300BBBF20 /* Resources */,
			);
			buildRules = (
			);
			dependencies = (
			);
			name = LiveRenderXib;
			productName = LiveRenderXib;
			productReference = 74EADA301C19914300BBBF20 /* LiveRenderXib.app */;
			productType = "com.apple.product-type.application";
		};
/* End PBXNativeTarget section */

/* Begin PBXProject section */
		74EADA281C19914300BBBF20 /* Project object */ = {
			isa = PBXProject;
			attributes = {
				LastUpgradeCheck = 0720;
				ORGANIZATIONNAME = ding;
				TargetAttributes = {
					74EADA2F1C19914300BBBF20 = {
						CreatedOnToolsVersion = 7.2;
					};
				};
			};
			buildConfigurationList = 74EADA2B1C19914300BBBF20 /* Build configuration list for PBXProject "LiveRenderXib" */;
			compatibilityVersion = "Xcode 3.2";
			developmentRegion = English;
			hasScannedForEncodings = 0;
			knownRegions = (
				en,
				Base,
			);
			mainGroup = 74EADA271C19914300BBBF20;
			productRefGroup = 74EADA311C19914300BBBF20 /* Products */;
			projectDirPath = "";
			projectRoot = "";
			targets = (
				74EADA2F1C19914300BBBF20 /* LiveRenderXib */,
			);
		};
/* End PBXProject section */

/* Begin PBXResourcesBuildPhase section */
		74EADA2E1C19914300BBBF20 /* Resources */ = {
			isa = PBXResourcesBuildPhase;
			buildActionMask = 2147483647;
			files = (
				74EADA561C1991C900BBBF20 /* SZTextFieldXibView.xib in Resources */,
				74EADA461C19914300BBBF20 /* LaunchScreen.storyboard in Resources */,
				74EADA431C19914300BBBF20 /* Assets.xcassets in Resources */,
				74EADA641C19921400BBBF20 /* Main.storyboard in Resources */,
			);
			runOnlyForDeploymentPostprocessing = 0;
		};
/* End PBXResourcesBuildPhase section */

/* Begin PBXSourcesBuildPhase section */
		74EADA2C1C19914300BBBF20 /* Sources */ = {
			isa = PBXSourcesBuildPhase;
			buildActionMask = 2147483647;
			files = (
				74EADA411C19914300BBBF20 /* LiveRenderXib.xcdatamodeld in Sources */,
				74EADA551C1991C900BBBF20 /* SZTextFieldXibView.m in Sources */,
				74EADA381C19914300BBBF20 /* AppDelegate.m in Sources */,
				74EADA571C1991C900BBBF20 /* SZXibView.m in Sources */,
				74EADA4F1C1991BB00BBBF20 /* ViewController.m in Sources */,
				74EADA351C19914300BBBF20 /* main.m in Sources */,
			);
			runOnlyForDeploymentPostprocessing = 0;
		};
/* End PBXSourcesBuildPhase section */

/* Begin PBXVariantGroup section */
		74EADA441C19914300BBBF20 /* LaunchScreen.storyboard */ = {
			isa = PBXVariantGroup;
			children = (
				74EADA451C19914300BBBF20 /* Base */,
			);
			name = LaunchScreen.storyboard;
			sourceTree = "<group>";
		};
		74EADA621C19921400BBBF20 /* Main.storyboard */ = {
			isa = PBXVariantGroup;
			children = (
				74EADA631C19921400BBBF20 /* Base */,
			);
			name = Main.storyboard;
			sourceTree = "<group>";
		};
/* End PBXVariantGroup section */

/* Begin XCBuildConfiguration section */
		74EADA481C19914300BBBF20 /* Debug */ = {
			isa = XCBuildConfiguration;
			buildSettings = {
				ALWAYS_SEARCH_USER_PATHS = NO;
				CLANG_CXX_LANGUAGE_STANDARD = "gnu++0x";
				CLANG_CXX_LIBRARY = "libc++";
				CLANG_ENABLE_MODULES = YES;
				CLANG_ENABLE_OBJC_ARC = YES;
				CLANG_WARN_BOOL_CONVERSION = YES;
				CLANG_WARN_CONSTANT_CONVERSION = YES;
				CLANG_WARN_DIRECT_OBJC_ISA_USAGE = YES_ERROR;
				CLANG_WARN_EMPTY_BODY = YES;
				CLANG_WARN_ENUM_CONVERSION = YES;
				CLANG_WARN_INT_CONVERSION = YES;
				CLANG_WARN_OBJC_ROOT_CLASS = YES_ERROR;
				CLANG_WARN_UNREACHABLE_CODE = YES;
				CLANG_WARN__DUPLICATE_METHOD_MATCH = YES;
				"CODE_SIGN_IDENTITY[sdk=iphoneos*]" = "iPhone Developer";
				COPY_PHASE_STRIP = NO;
				DEBUG_INFORMATION_FORMAT = dwarf;
				ENABLE_STRICT_OBJC_MSGSEND = YES;
				ENABLE_TESTABILITY = YES;
				GCC_C_LANGUAGE_STANDARD = gnu99;
				GCC_DYNAMIC_NO_PIC = NO;
				GCC_NO_COMMON_BLOCKS = YES;
				GCC_OPTIMIZATION_LEVEL = 0;
				GCC_PREPROCESSOR_DEFINITIONS = (
					"DEBUG=1",
					"$(inherited)",
				);
				GCC_WARN_64_TO_32_BIT_CONVERSION = YES;
				GCC_WARN_ABOUT_RETURN_TYPE = YES_ERROR;
				GCC_WARN_UNDECLARED_SELECTOR = YES;
				GCC_WARN_UNINITIALIZED_AUTOS = YES_AGGRESSIVE;
				GCC_WARN_UNUSED_FUNCTION = YES;
				GCC_WARN_UNUSED_VARIABLE = YES;
				IPHONEOS_DEPLOYMENT_TARGET = 9.2;
				MTL_ENABLE_DEBUG_INFO = YES;
				ONLY_ACTIVE_ARCH = YES;
				SDKROOT = iphoneos;
				TARGETED_DEVICE_FAMILY = 2;
			};
			name = Debug;
		};
		74EADA491C19914300BBBF20 /* Release */ = {
			isa = XCBuildConfiguration;
			buildSettings = {
				ALWAYS_SEARCH_USER_PATHS = NO;
				CLANG_CXX_LANGUAGE_STANDARD = "gnu++0x";
				CLANG_CXX_LIBRARY = "libc++";
				CLANG_ENABLE_MODULES = YES;
				CLANG_ENABLE_OBJC_ARC = YES;
				CLANG_WARN_BOOL_CONVERSION = YES;
				CLANG_WARN_CONSTANT_CONVERSION = YES;
				CLANG_WARN_DIRECT_OBJC_ISA_USAGE = YES_ERROR;
				CLANG_WARN_EMPTY_BODY = YES;
				CLANG_WARN_ENUM_CONVERSION = YES;
				CLANG_WARN_INT_CONVERSION = YES;
				CLANG_WARN_OBJC_ROOT_CLASS = YES_ERROR;
				CLANG_WARN_UNREACHABLE_CODE = YES;
				CLANG_WARN__DUPLICATE_METHOD_MATCH = YES;
				"CODE_SIGN_IDENTITY[sdk=iphoneos*]" = "iPhone Developer";
				COPY_PHASE_STRIP = NO;
				DEBUG_INFORMATION_FORMAT = "dwarf-with-dsym";
				ENABLE_NS_ASSERTIONS = NO;
				ENABLE_STRICT_OBJC_MSGSEND = YES;
				GCC_C_LANGUAGE_STANDARD = gnu99;
				GCC_NO_COMMON_BLOCKS = YES;
				GCC_WARN_64_TO_32_BIT_CONVERSION = YES;
				GCC_WARN_ABOUT_RETURN_TYPE = YES_ERROR;
				GCC_WARN_UNDECLARED_SELECTOR = YES;
				GCC_WARN_UNINITIALIZED_AUTOS = YES_AGGRESSIVE;
				GCC_WARN_UNUSED_FUNCTION = YES;
				GCC_WARN_UNUSED_VARIABLE = YES;
				IPHONEOS_DEPLOYMENT_TARGET = 9.2;
				MTL_ENABLE_DEBUG_INFO = NO;
				SDKROOT = iphoneos;
				TARGETED_DEVICE_FAMILY = 2;
				VALIDATE_PRODUCT = YES;
			};
			name = Release;
		};
		74EADA4B1C19914300BBBF20 /* Debug */ = {
			isa = XCBuildConfiguration;
			buildSettings = {
				ASSETCATALOG_COMPILER_APPICON_NAME = AppIcon;
				INFOPLIST_FILE = LiveRenderXib/Info.plist;
				LD_RUNPATH_SEARCH_PATHS = "$(inherited) @executable_path/Frameworks";
				PRODUCT_BUNDLE_IDENTIFIER = com.ding.LiveRenderXib;
				PRODUCT_NAME = "$(TARGET_NAME)";
			};
			name = Debug;
		};
		74EADA4C1C19914300BBBF20 /* Release */ = {
			isa = XCBuildConfiguration;
			buildSettings = {
				ASSETCATALOG_COMPILER_APPICON_NAME = AppIcon;
				INFOPLIST_FILE = LiveRenderXib/Info.plist;
				LD_RUNPATH_SEARCH_PATHS = "$(inherited) @executable_path/Frameworks";
				PRODUCT_BUNDLE_IDENTIFIER = com.ding.LiveRenderXib;
				PRODUCT_NAME = "$(TARGET_NAME)";
			};
			name = Release;
		};
/* End XCBuildConfiguration section */

/* Begin XCConfigurationList section */
		74EADA2B1C19914300BBBF20 /* Build configuration list for PBXProject "LiveRenderXib" */ = {
			isa = XCConfigurationList;
			buildConfigurations = (
				74EADA481C19914300BBBF20 /* Debug */,
				74EADA491C19914300BBBF20 /* Release */,
			);
			defaultConfigurationIsVisible = 0;
			defaultConfigurationName = Release;
		};
		74EADA4A1C19914300BBBF20 /* Build configuration list for PBXNativeTarget "LiveRenderXib" */ = {
			isa = XCConfigurationList;
			buildConfigurations = (
				74EADA4B1C19914300BBBF20 /* Debug */,
				74EADA4C1C19914300BBBF20 /* Release */,
			);
			defaultConfigurationIsVisible = 0;
		};
/* End XCConfigurationList section */

/* Begin XCVersionGroup section */
		74EADA3F1C19914300BBBF20 /* LiveRenderXib.xcdatamodeld */ = {
			isa = XCVersionGroup;
			children = (
				74EADA401C19914300BBBF20 /* LiveRenderXib.xcdatamodel */,
			);
			currentVersion = 74EADA401C19914300BBBF20 /* LiveRenderXib.xcdatamodel */;
			path = LiveRenderXib.xcdatamodeld;
			sourceTree = "<group>";
			versionGroupType = wrapper.xcdatamodel;
		};
/* End XCVersionGroup section */
	};
	rootObject = 74EADA281C19914300BBBF20 /* Project object */;
}
